
Microsoft Visual Studio Solution File, Format Version 12.00
# Visual Studio Version 17
VisualStudioVersion = 17.2.32630.192
MinimumVisualStudioVersion = 10.0.40219.1
Project("{FAE04EC0-301F-11D3-BF4B-00C04F79EFBC}") = "MiniGame", "MiniGame.csproj", "{EF7CA232-C1A9-4D13-8A89-A5DAFCC6C235}"
EndProject
Global
	GlobalSection(SolutionConfigurationPlatforms) = preSolution
		Debug|Any CPU = Debug|Any CPU
		Release|Any CPU = Release|Any CPU
	EndGlobalSection
	GlobalSection(ProjectConfigurationPlatforms) = postSolution
		{EF7CA232-C1A9-4D13-8A89-A5DAFCC6C235}.Debug|Any CPU.ActiveCfg = Debug|Any CPU
		{EF7CA232-C1A9-4D13-8A89-A5DAFCC6C235}.Debug|Any CPU.Build.0 = Debug|Any CPU
		{EF7CA232-C1A9-4D13-8A89-A5DAFCC6C235}.Release|Any CPU.ActiveCfg = Release|Any CPU
		{EF7CA232-C1A9-4D13-8A89-A5DAFCC6C235}.Release|Any CPU.Build.0 = Release|Any CPU
	EndGlobalSection
	GlobalSection(SolutionProperties) = preSolution
		HideSolutionNode = FALSE
	EndGlobalSection
	GlobalSection(ExtensibilityGlobals) = postSolution
		SolutionGuid = {1C9DB852-9A45-46B5-8BA3-1E329C86F945}
	EndGlobalSection
EndGlobal
